
Microsoft Visual Studio Solution File, Format Version 12.00
# Visual Studio Version 16
VisualStudioVersion = 16.0.34114.132
MinimumVisualStudioVersion = 10.0.40219.1
Project("{9A19103F-16F7-4668-BE54-9A1E7A4F7556}") = "ShalilBookStore", "ShalilBookStore.csproj", "{F4D7C3DF-3EA3-4166-91DB-6A437449F2AA}"
EndProject
Project("{FAE04EC0-301F-11D3-BF4B-00C04F79EFBC}") = "ShalilsBooks.DataAccess", "..\ShalilsBooks.DataAccess\ShalilsBooks.DataAccess.csproj", "{F3687A01-E41F-4BF6-8A73-56996197589B}"
EndProject
Project("{FAE04EC0-301F-11D3-BF4B-00C04F79EFBC}") = "ShalilsBooks.Models", "..\ShalilsBooks.Models\ShalilsBooks.Models.csproj", "{5F2ED756-F390-4774-8A43-F6220009CBB3}"
EndProject
Project("{FAE04EC0-301F-11D3-BF4B-00C04F79EFBC}") = "ShalilsBooks.Utility", "..\ShalilsBooks.Utility\ShalilsBooks.Utility.csproj", "{81BB9E09-4702-4BE6-9707-A499E91C9A62}"
EndProject
Global
	GlobalSection(SolutionConfigurationPlatforms) = preSolution
		Debug|Any CPU = Debug|Any CPU
		Release|Any CPU = Release|Any CPU
	EndGlobalSection
	GlobalSection(ProjectConfigurationPlatforms) = postSolution
		{F4D7C3DF-3EA3-4166-91DB-6A437449F2AA}.Debug|Any CPU.ActiveCfg = Debug|Any CPU
		{F4D7C3DF-3EA3-4166-91DB-6A437449F2AA}.Debug|Any CPU.Build.0 = Debug|Any CPU
		{F4D7C3DF-3EA3-4166-91DB-6A437449F2AA}.Release|Any CPU.ActiveCfg = Release|Any CPU
		{F4D7C3DF-3EA3-4166-91DB-6A437449F2AA}.Release|Any CPU.Build.0 = Release|Any CPU
		{F3687A01-E41F-4BF6-8A73-56996197589B}.Debug|Any CPU.ActiveCfg = Debug|Any CPU
		{F3687A01-E41F-4BF6-8A73-56996197589B}.Debug|Any CPU.Build.0 = Debug|Any CPU
		{F3687A01-E41F-4BF6-8A73-56996197589B}.Release|Any CPU.ActiveCfg = Release|Any CPU
		{F3687A01-E41F-4BF6-8A73-56996197589B}.Release|Any CPU.Build.0 = Release|Any CPU
		{5F2ED756-F390-4774-8A43-F6220009CBB3}.Debug|Any CPU.ActiveCfg = Debug|Any CPU
		{5F2ED756-F390-4774-8A43-F6220009CBB3}.Debug|Any CPU.Build.0 = Debug|Any CPU
		{5F2ED756-F390-4774-8A43-F6220009CBB3}.Release|Any CPU.ActiveCfg = Release|Any CPU
		{5F2ED756-F390-4774-8A43-F6220009CBB3}.Release|Any CPU.Build.0 = Release|Any CPU
		{81BB9E09-4702-4BE6-9707-A499E91C9A62}.Debug|Any CPU.ActiveCfg = Debug|Any CPU
		{81BB9E09-4702-4BE6-9707-A499E91C9A62}.Debug|Any CPU.Build.0 = Debug|Any CPU
		{81BB9E09-4702-4BE6-9707-A499E91C9A62}.Release|Any CPU.ActiveCfg = Release|Any CPU
		{81BB9E09-4702-4BE6-9707-A499E91C9A62}.Release|Any CPU.Build.0 = Release|Any CPU
	EndGlobalSection
	GlobalSection(SolutionProperties) = preSolution
		HideSolutionNode = FALSE
	EndGlobalSection
	GlobalSection(ExtensibilityGlobals) = postSolution
		SolutionGuid = {ED0BEA35-7836-41DC-8820-FDC71F2A5698}
	EndGlobalSection
EndGlobal
